
Microsoft Visual Studio Solution File, Format Version 12.00
Project("{FAE04EC0-301F-11D3-BF4B-00C04F79EFBC}") = "Backend.Domain", "Backend.Domain\Backend.Domain.csproj", "{67F6D917-E3D5-43CA-98F1-D662CAA936C8}"
EndProject
Project("{FAE04EC0-301F-11D3-BF4B-00C04F79EFBC}") = "Backend.Application", "Backend.Application\Backend.Application.csproj", "{60C7582E-4297-436B-A963-842C1E363AEE}"
EndProject
Project("{FAE04EC0-301F-11D3-BF4B-00C04F79EFBC}") = "Backend.Infrastructure", "Backend.Infrastructure\Backend.Infrastructure.csproj", "{73929AF9-91EE-4713-86C5-17CC1B01DB25}"
EndProject
Project("{FAE04EC0-301F-11D3-BF4B-00C04F79EFBC}") = "Backend.Console", "Backend.Console\Backend.Console.csproj", "{B01209E3-B103-4543-ABE7-500310FE7C4C}"
EndProject
Project("{FAE04EC0-301F-11D3-BF4B-00C04F79EFBC}") = "Backend.API", "Backend.API\Backend.API.csproj", "{08FC2282-DD73-4758-B21D-0701E2C11383}"
EndProject
Global
	GlobalSection(SolutionConfigurationPlatforms) = preSolution
		Debug|Any CPU = Debug|Any CPU
		Debug|x64 = Debug|x64
		Debug|x86 = Debug|x86
		Release|Any CPU = Release|Any CPU
		Release|x64 = Release|x64
		Release|x86 = Release|x86
	EndGlobalSection
	GlobalSection(ProjectConfigurationPlatforms) = postSolution
		{67F6D917-E3D5-43CA-98F1-D662CAA936C8}.Debug|Any CPU.ActiveCfg = Debug|Any CPU
		{67F6D917-E3D5-43CA-98F1-D662CAA936C8}.Debug|Any CPU.Build.0 = Debug|Any CPU
		{67F6D917-E3D5-43CA-98F1-D662CAA936C8}.Debug|x64.ActiveCfg = Debug|Any CPU
		{67F6D917-E3D5-43CA-98F1-D662CAA936C8}.Debug|x64.Build.0 = Debug|Any CPU
		{67F6D917-E3D5-43CA-98F1-D662CAA936C8}.Debug|x86.ActiveCfg = Debug|Any CPU
		{67F6D917-E3D5-43CA-98F1-D662CAA936C8}.Debug|x86.Build.0 = Debug|Any CPU
		{67F6D917-E3D5-43CA-98F1-D662CAA936C8}.Release|Any CPU.ActiveCfg = Release|Any CPU
		{67F6D917-E3D5-43CA-98F1-D662CAA936C8}.Release|Any CPU.Build.0 = Release|Any CPU
		{67F6D917-E3D5-43CA-98F1-D662CAA936C8}.Release|x64.ActiveCfg = Release|Any CPU
		{67F6D917-E3D5-43CA-98F1-D662CAA936C8}.Release|x64.Build.0 = Release|Any CPU
		{67F6D917-E3D5-43CA-98F1-D662CAA936C8}.Release|x86.ActiveCfg = Release|Any CPU
		{67F6D917-E3D5-43CA-98F1-D662CAA936C8}.Release|x86.Build.0 = Release|Any CPU
		{60C7582E-4297-436B-A963-842C1E363AEE}.Debug|Any CPU.ActiveCfg = Debug|Any CPU
		{60C7582E-4297-436B-A963-842C1E363AEE}.Debug|Any CPU.Build.0 = Debug|Any CPU
		{60C7582E-4297-436B-A963-842C1E363AEE}.Debug|x64.ActiveCfg = Debug|Any CPU
		{60C7582E-4297-436B-A963-842C1E363AEE}.Debug|x64.Build.0 = Debug|Any CPU
		{60C7582E-4297-436B-A963-842C1E363AEE}.Debug|x86.ActiveCfg = Debug|Any CPU
		{60C7582E-4297-436B-A963-842C1E363AEE}.Debug|x86.Build.0 = Debug|Any CPU
		{60C7582E-4297-436B-A963-842C1E363AEE}.Release|Any CPU.ActiveCfg = Release|Any CPU
		{60C7582E-4297-436B-A963-842C1E363AEE}.Release|Any CPU.Build.0 = Release|Any CPU
		{60C7582E-4297-436B-A963-842C1E363AEE}.Release|x64.ActiveCfg = Release|Any CPU
		{60C7582E-4297-436B-A963-842C1E363AEE}.Release|x64.Build.0 = Release|Any CPU
		{60C7582E-4297-436B-A963-842C1E363AEE}.Release|x86.ActiveCfg = Release|Any CPU
		{60C7582E-4297-436B-A963-842C1E363AEE}.Release|x86.Build.0 = Release|Any CPU
		{73929AF9-91EE-4713-86C5-17CC1B01DB25}.Debug|Any CPU.ActiveCfg = Debug|Any CPU
		{73929AF9-91EE-4713-86C5-17CC1B01DB25}.Debug|Any CPU.Build.0 = Debug|Any CPU
		{73929AF9-91EE-4713-86C5-17CC1B01DB25}.Debug|x64.ActiveCfg = Debug|Any CPU
		{73929AF9-91EE-4713-86C5-17CC1B01DB25}.Debug|x64.Build.0 = Debug|Any CPU
		{73929AF9-91EE-4713-86C5-17CC1B01DB25}.Debug|x86.ActiveCfg = Debug|Any CPU
		{73929AF9-91EE-4713-86C5-17CC1B01DB25}.Debug|x86.Build.0 = Debug|Any CPU
		{73929AF9-91EE-4713-86C5-17CC1B01DB25}.Release|Any CPU.ActiveCfg = Release|Any CPU
		{73929AF9-91EE-4713-86C5-17CC1B01DB25}.Release|Any CPU.Build.0 = Release|Any CPU
		{73929AF9-91EE-4713-86C5-17CC1B01DB25}.Release|x64.ActiveCfg = Release|Any CPU
		{73929AF9-91EE-4713-86C5-17CC1B01DB25}.Release|x64.Build.0 = Release|Any CPU
		{73929AF9-91EE-4713-86C5-17CC1B01DB25}.Release|x86.ActiveCfg = Release|Any CPU
		{73929AF9-91EE-4713-86C5-17CC1B01DB25}.Release|x86.Build.0 = Release|Any CPU
		{B01209E3-B103-4543-ABE7-500310FE7C4C}.Debug|Any CPU.ActiveCfg = Debug|Any CPU
		{B01209E3-B103-4543-ABE7-500310FE7C4C}.Debug|Any CPU.Build.0 = Debug|Any CPU
		{B01209E3-B103-4543-ABE7-500310FE7C4C}.Debug|x64.ActiveCfg = Debug|Any CPU
		{B01209E3-B103-4543-ABE7-500310FE7C4C}.Debug|x64.Build.0 = Debug|Any CPU
		{B01209E3-B103-4543-ABE7-500310FE7C4C}.Debug|x86.ActiveCfg = Debug|Any CPU
		{B01209E3-B103-4543-ABE7-500310FE7C4C}.Debug|x86.Build.0 = Debug|Any CPU
		{B01209E3-B103-4543-ABE7-500310FE7C4C}.Release|Any CPU.ActiveCfg = Release|Any CPU
		{B01209E3-B103-4543-ABE7-500310FE7C4C}.Release|Any CPU.Build.0 = Release|Any CPU
		{B01209E3-B103-4543-ABE7-500310FE7C4C}.Release|x64.ActiveCfg = Release|Any CPU
		{B01209E3-B103-4543-ABE7-500310FE7C4C}.Release|x64.Build.0 = Release|Any CPU
		{B01209E3-B103-4543-ABE7-500310FE7C4C}.Release|x86.ActiveCfg = Release|Any CPU
		{B01209E3-B103-4543-ABE7-500310FE7C4C}.Release|x86.Build.0 = Release|Any CPU
		{08FC2282-DD73-4758-B21D-0701E2C11383}.Debug|Any CPU.ActiveCfg = Debug|Any CPU
		{08FC2282-DD73-4758-B21D-0701E2C11383}.Debug|Any CPU.Build.0 = Debug|Any CPU
		{08FC2282-DD73-4758-B21D-0701E2C11383}.Debug|x64.ActiveCfg = Debug|Any CPU
		{08FC2282-DD73-4758-B21D-0701E2C11383}.Debug|x64.Build.0 = Debug|Any CPU
		{08FC2282-DD73-4758-B21D-0701E2C11383}.Debug|x86.ActiveCfg = Debug|Any CPU
		{08FC2282-DD73-4758-B21D-0701E2C11383}.Debug|x86.Build.0 = Debug|Any CPU
		{08FC2282-DD73-4758-B21D-0701E2C11383}.Release|Any CPU.ActiveCfg = Release|Any CPU
		{08FC2282-DD73-4758-B21D-0701E2C11383}.Release|Any CPU.Build.0 = Release|Any CPU
		{08FC2282-DD73-4758-B21D-0701E2C11383}.Release|x64.ActiveCfg = Release|Any CPU
		{08FC2282-DD73-4758-B21D-0701E2C11383}.Release|x64.Build.0 = Release|Any CPU
		{08FC2282-DD73-4758-B21D-0701E2C11383}.Release|x86.ActiveCfg = Release|Any CPU
		{08FC2282-DD73-4758-B21D-0701E2C11383}.Release|x86.Build.0 = Release|Any CPU
	EndGlobalSection
	GlobalSection(SolutionProperties) = preSolution
		HideSolutionNode = FALSE
	EndGlobalSection
EndGlobal
